
Microsoft Visual Studio Solution File, Format Version 12.00
# Visual Studio Version 17
VisualStudioVersion = 17.9.34723.18
MinimumVisualStudioVersion = 10.0.40219.1
Project("{8BC9CEB8-8B4A-11D0-8D11-00A0C91BC942}") = "MO1-Recent", "MO1-Recent.vcxproj", "{AECB93BE-DA44-4B77-B371-CB3E21C1139D}"
EndProject
Global
	GlobalSection(SolutionConfigurationPlatforms) = preSolution
		Debug|x64 = Debug|x64
		Debug|x86 = Debug|x86
		Release|x64 = Release|x64
		Release|x86 = Release|x86
	EndGlobalSection
	GlobalSection(ProjectConfigurationPlatforms) = postSolution
		{AECB93BE-DA44-4B77-B371-CB3E21C1139D}.Debug|x64.ActiveCfg = Debug|x64
		{AECB93BE-DA44-4B77-B371-CB3E21C1139D}.Debug|x64.Build.0 = Debug|x64
		{AECB93BE-DA44-4B77-B371-CB3E21C1139D}.Debug|x86.ActiveCfg = Debug|Win32
		{AECB93BE-DA44-4B77-B371-CB3E21C1139D}.Debug|x86.Build.0 = Debug|Win32
		{AECB93BE-DA44-4B77-B371-CB3E21C1139D}.Release|x64.ActiveCfg = Release|x64
		{AECB93BE-DA44-4B77-B371-CB3E21C1139D}.Release|x64.Build.0 = Release|x64
		{AECB93BE-DA44-4B77-B371-CB3E21C1139D}.Release|x86.ActiveCfg = Release|Win32
		{AECB93BE-DA44-4B77-B371-CB3E21C1139D}.Release|x86.Build.0 = Release|Win32
	EndGlobalSection
	GlobalSection(SolutionProperties) = preSolution
		HideSolutionNode = FALSE
	EndGlobalSection
	GlobalSection(ExtensibilityGlobals) = postSolution
		SolutionGuid = {2C0E660F-AC07-4917-94CB-55A80C0EBC70}
	EndGlobalSection
EndGlobal
